<?xml version="1.0" encoding="utf-8"?>
<Project ToolsVersion="4.0" xmlns="http://schemas.microsoft.com/developer/msbuild/2003">
  <ItemGroup>
    <Filter Include="Header Files">
      <UniqueIdentifier>{93995380-89BD-4b04-88EB-625FBE52EBFB}</UniqueIdentifier>
      <Extensions>h;hh;hpp;hxx;h++;hm;inl;inc;ipp;xsd</Extensions>
    </Filter>
    <Filter Include="Resource Files">
      <UniqueIdentifier>{67DA6AB6-F800-4c08-8B7A-83BB121AAD01}</UniqueIdentifier>
      <Extensions>rc;ico;cur;bmp;dlg;rc2;rct;bin;rgs;gif;jpg;jpeg;jpe;resx;tiff;tif;png;wav;mfcribbon-ms</Extensions>
    </Filter>
    <Filter Include="Source Files">
      <UniqueIdentifier>{4FC737F1-C7A5-4376-A066-2A32D752A2FF}</UniqueIdentifier>
      <Extensions>cpp;c;cc;cxx;c++;cppm;ixx;def;odl;idl;hpj;bat;asm;asmx</Extensions>
    </Filter>
    <Filter Include="Source Files\v10">
      <UniqueIdentifier>{a3531787-7360-41bb-98c8-d7fd67a91697}</UniqueIdentifier>
    </Filter>
    <Filter Include="Source Files\old">
      <UniqueIdentifier>{ee4a42f1-6c3c-4096-9fe4-07b92b7bccb5}</UniqueIdentifier>
    </Filter>
    <Filter Include="Source Files\old\examples">
      <UniqueIdentifier>{da89fac3-1e0d-4172-878f-b633106c7eda}</UniqueIdentifier>
    </Filter>
    <Filter Include="Source Files\v10\defines">
      <UniqueIdentifier>{e90f5574-8aad-499b-930e-5d42105b6ccf}</UniqueIdentifier>
    </Filter>
    <Filter Include="Source Files\v10\types">
      <UniqueIdentifier>{127ec860-0183-4786-98b2-0b7355c8ec60}</UniqueIdentifier>
    </Filter>
    <Filter Include="Source Files\v10\traits">
      <UniqueIdentifier>{f19c8069-e1c6-4f88-8671-d702e6980ef1}</UniqueIdentifier>
    </Filter>
    <Filter Include="Source Files\v10\math">
      <UniqueIdentifier>{f277ab28-188d-472b-899a-b8d6d56d61e4}</UniqueIdentifier>
    </Filter>
    <Filter Include="Source Files\old2">
      <UniqueIdentifier>{241b531d-971e-404c-92d6-0d8704164f85}</UniqueIdentifier>
    </Filter>
    <Filter Include="Source Files\old2\types_extra">
      <UniqueIdentifier>{a3275196-46fb-4a82-9658-e600ed0c4303}</UniqueIdentifier>
    </Filter>
    <Filter Include="Source Files\old2\utils">
      <UniqueIdentifier>{6514b6bb-6384-4b42-b8ab-16f51507c192}</UniqueIdentifier>
    </Filter>
    <Filter Include="Source Files\v10\utils">
      <UniqueIdentifier>{29762082-a6aa-4d7b-9827-70b1b900327d}</UniqueIdentifier>
    </Filter>
    <Filter Include="Source Files\v10\utils\node">
      <UniqueIdentifier>{0e570732-fa8b-4ba8-a5c4-af88a10ebbdd}</UniqueIdentifier>
    </Filter>
    <Filter Include="Source Files\v10\traits_extra">
      <UniqueIdentifier>{0d171803-1e87-4fca-8875-fbf104f5d56f}</UniqueIdentifier>
    </Filter>
  </ItemGroup>
  <ItemGroup>
    <ClInclude Include="..\llanylib.hpp">
      <Filter>Header Files</Filter>
    </ClInclude>
    <ClInclude Include="..\llanylibsimple.hpp">
      <Filter>Header Files</Filter>
    </ClInclude>
    <ClInclude Include="defines\definitions.hpp">
      <Filter>Source Files\v10\defines</Filter>
    </ClInclude>
    <ClInclude Include="defines\os.hpp">
      <Filter>Source Files\v10\defines</Filter>
    </ClInclude>
    <ClInclude Include="defines\expresions.hpp">
      <Filter>Source Files\v10\defines</Filter>
    </ClInclude>
    <ClInclude Include="defines.hpp">
      <Filter>Resource Files</Filter>
    </ClInclude>
    <ClInclude Include="types_base\Boolean.hpp">
      <Filter>Source Files\v10\types</Filter>
    </ClInclude>
    <ClInclude Include="types_base\Cluster.hpp">
      <Filter>Source Files\v10\types</Filter>
    </ClInclude>
    <ClInclude Include="types_base\expresions.hpp">
      <Filter>Source Files\v10\types</Filter>
    </ClInclude>
    <ClInclude Include="types_base\ostypes.hpp">
      <Filter>Source Files\v10\types</Filter>
    </ClInclude>
    <ClInclude Include="types_base\types_base.hpp">
      <Filter>Source Files\v10\types</Filter>
    </ClInclude>
    <ClInclude Include="types_base\types_base_extra.hpp">
      <Filter>Source Files\v10\types</Filter>
    </ClInclude>
    <ClInclude Include="types_simple.hpp">
      <Filter>Resource Files</Filter>
    </ClInclude>
    <ClInclude Include="math\limits.hpp">
      <Filter>Source Files\v10\math</Filter>
    </ClInclude>
    <ClInclude Include="old\examples\traitsExample.hpp">
      <Filter>Source Files\old\examples</Filter>
    </ClInclude>
    <ClInclude Include="types_extra\pair.hpp">
      <Filter>Source Files\old</Filter>
    </ClInclude>
    <ClInclude Include="utils\algorithm.hpp">
      <Filter>Source Files\old2\utils</Filter>
    </ClInclude>
    <ClInclude Include="math\math.hpp">
      <Filter>Source Files\v10\math</Filter>
    </ClInclude>
    <ClInclude Include="utils\common_functions.hpp">
      <Filter>Source Files\old2\utils</Filter>
    </ClInclude>
    <ClInclude Include="types_extra\Integer.hpp">
      <Filter>Source Files\old2\types_extra</Filter>
    </ClInclude>
    <ClInclude Include="traits\type_traits.hpp">
      <Filter>Source Files\v10\traits</Filter>
    </ClInclude>
    <ClInclude Include="traits\traits_parameter_pack.hpp">
      <Filter>Source Files\v10\traits</Filter>
    </ClInclude>
    <ClInclude Include="traits\traits_base.hpp">
      <Filter>Source Files\v10\traits</Filter>
    </ClInclude>
    <ClInclude Include="traits\traits_checker.hpp">
      <Filter>Source Files\v10\traits</Filter>
    </ClInclude>
    <ClInclude Include="traits\traits_selection.hpp">
      <Filter>Source Files\v10\traits</Filter>
    </ClInclude>
    <ClInclude Include="traits\traits_signature.hpp">
      <Filter>Source Files\v10\traits</Filter>
    </ClInclude>
    <ClInclude Include="traits\traits_type_update.hpp">
      <Filter>Source Files\v10\traits</Filter>
    </ClInclude>
    <ClInclude Include="utils\Array.hpp">
      <Filter>Source Files\v10\utils</Filter>
    </ClInclude>
    <ClInclude Include="utils\node\Node.hpp">
      <Filter>Source Files\v10\utils\node</Filter>
    </ClInclude>
    <ClInclude Include="utils\node\NodeDouble.hpp">
      <Filter>Source Files\v10\utils\node</Filter>
    </ClInclude>
    <ClInclude Include="utils\node\NodeNext.hpp">
      <Filter>Source Files\v10\utils\node</Filter>
    </ClInclude>
    <ClInclude Include="utils\node\NodePrev.hpp">
      <Filter>Source Files\v10\utils\node</Filter>
    </ClInclude>
    <ClInclude Include="traits_extra\traits_return_getters.hpp">
      <Filter>Source Files\v10\traits_extra</Filter>
    </ClInclude>
    <ClInclude Include="traits_extra\traits_object_checker.hpp">
      <Filter>Source Files\v10\traits_extra</Filter>
    </ClInclude>
    <ClInclude Include="traits_extra\traits_old.hpp">
      <Filter>Source Files\v10\traits_extra</Filter>
    </ClInclude>
    <ClInclude Include="traits_extra\traits_primitive_types.hpp">
      <Filter>Source Files\v10\traits_extra</Filter>
    </ClInclude>
    <ClInclude Include="traits_extra\traits_comparations.hpp">
      <Filter>Source Files\v10\traits_extra</Filter>
    </ClInclude>
  </ItemGroup>
</Project>