<?xml version="1.0" encoding="utf-8"?>
<Project ToolsVersion="4.0" xmlns="http://schemas.microsoft.com/developer/msbuild/2003">
  <ItemGroup>
    <Filter Include="Header Files">
      <UniqueIdentifier>{93995380-89BD-4b04-88EB-625FBE52EBFB}</UniqueIdentifier>
      <Extensions>h;hh;hpp;hxx;h++;hm;inl;inc;ipp;xsd</Extensions>
    </Filter>
    <Filter Include="Resource Files">
      <UniqueIdentifier>{67DA6AB6-F800-4c08-8B7A-83BB121AAD01}</UniqueIdentifier>
      <Extensions>rc;ico;cur;bmp;dlg;rc2;rct;bin;rgs;gif;jpg;jpeg;jpe;resx;tiff;tif;png;wav;mfcribbon-ms</Extensions>
    </Filter>
    <Filter Include="Source Files">
      <UniqueIdentifier>{4FC737F1-C7A5-4376-A066-2A32D752A2FF}</UniqueIdentifier>
      <Extensions>cpp;c;cc;cxx;c++;cppm;ixx;def;odl;idl;hpj;bat;asm;asmx</Extensions>
    </Filter>
    <Filter Include="Source Files\1 defines">
      <UniqueIdentifier>{711544b3-5ea4-4fa0-a686-7844bbcefdb5}</UniqueIdentifier>
    </Filter>
    <Filter Include="Source Files\7 utils_extra">
      <UniqueIdentifier>{bd47e75e-487f-445f-88d4-63427150ee30}</UniqueIdentifier>
    </Filter>
    <Filter Include="Source Files\3 traits_base">
      <UniqueIdentifier>{6fe6ff50-b789-4e67-aa73-097dbdfedf2b}</UniqueIdentifier>
    </Filter>
    <Filter Include="Source Files\4 concepts">
      <UniqueIdentifier>{11286b8c-5660-44f5-88cb-96d2d08214f5}</UniqueIdentifier>
    </Filter>
    <Filter Include="Source Files\5 traits">
      <UniqueIdentifier>{dc2e18bf-28d1-4deb-b1be-e385cfd83ef2}</UniqueIdentifier>
    </Filter>
    <Filter Include="Source Files\6 utils_base">
      <UniqueIdentifier>{69b24f81-34fc-487c-a707-1bf41a70da8c}</UniqueIdentifier>
    </Filter>
    <Filter Include="Source Files\2 types">
      <UniqueIdentifier>{1729c745-6348-4491-a7d4-08217ee13b22}</UniqueIdentifier>
    </Filter>
  </ItemGroup>
  <ItemGroup>
    <ClInclude Include="..\llanylib.hpp">
      <Filter>Header Files</Filter>
    </ClInclude>
    <ClInclude Include="..\llanylibsimple.hpp">
      <Filter>Header Files</Filter>
    </ClInclude>
    <ClInclude Include="defines.hpp">
      <Filter>Resource Files</Filter>
    </ClInclude>
    <ClInclude Include="types_simple.hpp">
      <Filter>Resource Files</Filter>
    </ClInclude>
    <ClInclude Include="defines\definitions.hpp">
      <Filter>Source Files\1 defines</Filter>
    </ClInclude>
    <ClInclude Include="defines\expresions.hpp">
      <Filter>Source Files\1 defines</Filter>
    </ClInclude>
    <ClInclude Include="defines\os.hpp">
      <Filter>Source Files\1 defines</Filter>
    </ClInclude>
    <ClInclude Include="types\Boolean.hpp">
      <Filter>Source Files\2 types</Filter>
    </ClInclude>
    <ClInclude Include="types\checker_attributes.hpp">
      <Filter>Source Files\2 types</Filter>
    </ClInclude>
    <ClInclude Include="types\ostypes.hpp">
      <Filter>Source Files\2 types</Filter>
    </ClInclude>
    <ClInclude Include="types\Position.hpp">
      <Filter>Source Files\2 types</Filter>
    </ClInclude>
    <ClInclude Include="types\type_update.hpp">
      <Filter>Source Files\2 types</Filter>
    </ClInclude>
    <ClInclude Include="types\types.hpp">
      <Filter>Source Files\2 types</Filter>
    </ClInclude>
    <ClInclude Include="types\ValidType.hpp">
      <Filter>Source Files\2 types</Filter>
    </ClInclude>
  </ItemGroup>
</Project>