<?xml version="1.0" encoding="utf-8"?>
<Project ToolsVersion="4.0" xmlns="http://schemas.microsoft.com/developer/msbuild/2003">
  <ItemGroup>
    <Filter Include="Header Files">
      <UniqueIdentifier>{93995380-89BD-4b04-88EB-625FBE52EBFB}</UniqueIdentifier>
      <Extensions>h;hh;hpp;hxx;h++;hm;inl;inc;ipp;xsd</Extensions>
    </Filter>
    <Filter Include="Resource Files">
      <UniqueIdentifier>{67DA6AB6-F800-4c08-8B7A-83BB121AAD01}</UniqueIdentifier>
      <Extensions>rc;ico;cur;bmp;dlg;rc2;rct;bin;rgs;gif;jpg;jpeg;jpe;resx;tiff;tif;png;wav;mfcribbon-ms</Extensions>
    </Filter>
    <Filter Include="Source Files">
      <UniqueIdentifier>{4FC737F1-C7A5-4376-A066-2A32D752A2FF}</UniqueIdentifier>
      <Extensions>cpp;c;cc;cxx;c++;cppm;ixx;def;odl;idl;hpj;bat;asm;asmx</Extensions>
    </Filter>
    <Filter Include="Source Files\utils">
      <UniqueIdentifier>{8f625efc-af0f-4c4e-9c0d-e6459870feb2}</UniqueIdentifier>
    </Filter>
    <Filter Include="Source Files\utils\lists">
      <UniqueIdentifier>{c8212b79-1063-4446-b1c9-4ed73eae1e2f}</UniqueIdentifier>
    </Filter>
    <Filter Include="Source Files\utils\lists\linked">
      <UniqueIdentifier>{6c0ee5bc-f841-4796-b6bb-6259973006da}</UniqueIdentifier>
    </Filter>
    <Filter Include="Source Files\examples">
      <UniqueIdentifier>{da89fac3-1e0d-4172-878f-b633106c7eda}</UniqueIdentifier>
    </Filter>
    <Filter Include="Source Files\standards">
      <UniqueIdentifier>{00e40e75-2a5a-4a48-aedf-c92e8f19e94d}</UniqueIdentifier>
    </Filter>
    <Filter Include="Source Files\hash">
      <UniqueIdentifier>{e03b962a-c161-4c48-a3fd-0f3a46df8209}</UniqueIdentifier>
    </Filter>
    <Filter Include="Source Files\hash\hashes">
      <UniqueIdentifier>{55852399-2688-4e6e-a48e-283bc4f6351b}</UniqueIdentifier>
    </Filter>
    <Filter Include="Source Files\other">
      <UniqueIdentifier>{5752054d-a959-40b1-b883-014d74ca574f}</UniqueIdentifier>
    </Filter>
    <Filter Include="Source Files\defines">
      <UniqueIdentifier>{e90f5574-8aad-499b-930e-5d42105b6ccf}</UniqueIdentifier>
    </Filter>
    <Filter Include="Source Files\expresions">
      <UniqueIdentifier>{2e8bd116-f9a5-41e4-a404-a361e9f96be3}</UniqueIdentifier>
    </Filter>
    <Filter Include="Source Files\types">
      <UniqueIdentifier>{127ec860-0183-4786-98b2-0b7355c8ec60}</UniqueIdentifier>
    </Filter>
    <Filter Include="Source Files\utils\parser">
      <UniqueIdentifier>{145643bb-e34c-48f5-8cd1-0741536b838b}</UniqueIdentifier>
    </Filter>
    <Filter Include="Source Files\utils\lists\node">
      <UniqueIdentifier>{d3599bd6-91d0-4998-a4b3-ca69ecac673b}</UniqueIdentifier>
    </Filter>
  </ItemGroup>
  <ItemGroup>
    <ClInclude Include="..\llanylib.hpp">
      <Filter>Header Files</Filter>
    </ClInclude>
    <ClInclude Include="..\llanylibsimple.hpp">
      <Filter>Header Files</Filter>
    </ClInclude>
    <ClInclude Include="traits.hpp">
      <Filter>Source Files\types</Filter>
    </ClInclude>
    <ClInclude Include="types.hpp">
      <Filter>Source Files\types</Filter>
    </ClInclude>
    <ClInclude Include="definitions.hpp">
      <Filter>Source Files\defines</Filter>
    </ClInclude>
    <ClInclude Include="os.hpp">
      <Filter>Source Files\defines</Filter>
    </ClInclude>
    <ClInclude Include="expresions\color.hpp">
      <Filter>Source Files\expresions</Filter>
    </ClInclude>
    <ClInclude Include="expresions\math.hpp">
      <Filter>Source Files\expresions</Filter>
    </ClInclude>
    <ClInclude Include="ostypes.hpp">
      <Filter>Source Files\types</Filter>
    </ClInclude>
    <ClInclude Include="expresions\ascii.hpp">
      <Filter>Source Files\expresions</Filter>
    </ClInclude>
    <ClInclude Include="expresions\string.hpp">
      <Filter>Source Files\expresions</Filter>
    </ClInclude>
    <ClInclude Include="bits.hpp">
      <Filter>Source Files\utils</Filter>
    </ClInclude>
    <ClInclude Include="examples\bitsExample.hpp">
      <Filter>Source Files\examples</Filter>
    </ClInclude>
    <ClInclude Include="cityhash.hpp">
      <Filter>Source Files\hash\hashes</Filter>
    </ClInclude>
    <ClInclude Include="common.hpp">
      <Filter>Source Files\utils</Filter>
    </ClInclude>
    <ClInclude Include="dynamiclibrarylinking.hpp">
      <Filter>Source Files\other</Filter>
    </ClInclude>
    <ClInclude Include="hash_algorithm.hpp">
      <Filter>Source Files\hash</Filter>
    </ClInclude>
    <ClInclude Include="hash_pack.hpp">
      <Filter>Source Files\hash</Filter>
    </ClInclude>
    <ClInclude Include="hash_tools.hpp">
      <Filter>Source Files\hash</Filter>
    </ClInclude>
    <ClInclude Include="hash_types.hpp">
      <Filter>Source Files\hash</Filter>
    </ClInclude>
    <ClInclude Include="llanyhash.hpp">
      <Filter>Source Files\hash\hashes</Filter>
    </ClInclude>
    <ClInclude Include="math.hpp">
      <Filter>Source Files\utils</Filter>
    </ClInclude>
    <ClInclude Include="examples\mathExample.hpp">
      <Filter>Source Files\examples</Filter>
    </ClInclude>
    <ClInclude Include="ArrayPair.hpp">
      <Filter>Source Files\utils\lists</Filter>
    </ClInclude>
    <ClInclude Include="StandardHash.hpp">
      <Filter>Source Files\standards</Filter>
    </ClInclude>
    <ClInclude Include="StandardRandom.hpp">
      <Filter>Source Files\standards</Filter>
    </ClInclude>
    <ClInclude Include="StandardTypeid.hpp">
      <Filter>Source Files\standards</Filter>
    </ClInclude>
    <ClInclude Include="reflection.hpp">
      <Filter>Source Files\utils</Filter>
    </ClInclude>
    <ClInclude Include="Random.hpp">
      <Filter>Source Files\utils</Filter>
    </ClInclude>
    <ClInclude Include="examples\RandomExample.hpp">
      <Filter>Source Files\examples</Filter>
    </ClInclude>
    <ClInclude Include="Singleton.hpp">
      <Filter>Source Files\utils</Filter>
    </ClInclude>
    <ClInclude Include="examples\traits_test_class.hpp">
      <Filter>Source Files\examples</Filter>
    </ClInclude>
    <ClInclude Include="examples\traitsExample.hpp">
      <Filter>Source Files\examples</Filter>
    </ClInclude>
    <ClInclude Include="Typeid.hpp">
      <Filter>Source Files\utils</Filter>
    </ClInclude>
    <ClInclude Include="algorithm.hpp">
      <Filter>Source Files\utils\lists</Filter>
    </ClInclude>
    <ClInclude Include="Countable.hpp">
      <Filter>Source Files\utils\lists</Filter>
    </ClInclude>
    <ClInclude Include="DataBuffer.hpp">
      <Filter>Source Files\utils</Filter>
    </ClInclude>
    <ClInclude Include="Parser.hpp">
      <Filter>Source Files\utils\parser</Filter>
    </ClInclude>
    <ClInclude Include="Printable.hpp">
      <Filter>Source Files\utils\parser</Filter>
    </ClInclude>
    <ClInclude Include="AllocatorChecker.hpp">
      <Filter>Source Files\utils</Filter>
    </ClInclude>
    <ClInclude Include="mem.hpp">
      <Filter>Source Files\utils</Filter>
    </ClInclude>
    <ClInclude Include="Node.hpp">
      <Filter>Source Files\utils\lists\node</Filter>
    </ClInclude>
    <ClInclude Include="NodeNext.hpp">
      <Filter>Source Files\utils\lists\node</Filter>
    </ClInclude>
    <ClInclude Include="NodePrev.hpp">
      <Filter>Source Files\utils\lists\node</Filter>
    </ClInclude>
    <ClInclude Include="NodeDouble.hpp">
      <Filter>Source Files\utils\lists\node</Filter>
    </ClInclude>
    <ClInclude Include="Container.hpp">
      <Filter>Source Files\utils</Filter>
    </ClInclude>
    <ClInclude Include="examples\NodeExample.hpp">
      <Filter>Source Files\examples</Filter>
    </ClInclude>
    <ClInclude Include="examples\algorithmExample.hpp">
      <Filter>Source Files\examples</Filter>
    </ClInclude>
    <ClInclude Include="BaseNodeList.hpp">
      <Filter>Source Files\utils\lists\linked</Filter>
    </ClInclude>
    <ClInclude Include="Boolean.hpp">
      <Filter>Source Files\types</Filter>
    </ClInclude>
    <ClInclude Include="types_base.hpp">
      <Filter>Source Files\types</Filter>
    </ClInclude>
    <ClInclude Include="SimplestContainer.hpp">
      <Filter>Source Files\types</Filter>
    </ClInclude>
  </ItemGroup>
</Project>